
Microsoft Visual Studio Solution File, Format Version 12.00
# Visual Studio Version 17
VisualStudioVersion = 17.13.35617.110 d17.13
MinimumVisualStudioVersion = 10.0.40219.1
Project("{FAE04EC0-301F-11D3-BF4B-00C04F79EFBC}") = "DynamicJsonBuildingAndComparing", "DynamicJsonBuildingAndComparing.csproj", "{1C708816-DB71-4258-A307-D679B312C951}"
EndProject
Global
	GlobalSection(SolutionConfigurationPlatforms) = preSolution
		Debug|Any CPU = Debug|Any CPU
		Release|Any CPU = Release|Any CPU
	EndGlobalSection
	GlobalSection(ProjectConfigurationPlatforms) = postSolution
		{1C708816-DB71-4258-A307-D679B312C951}.Debug|Any CPU.ActiveCfg = Debug|Any CPU
		{1C708816-DB71-4258-A307-D679B312C951}.Debug|Any CPU.Build.0 = Debug|Any CPU
		{1C708816-DB71-4258-A307-D679B312C951}.Release|Any CPU.ActiveCfg = Release|Any CPU
		{1C708816-DB71-4258-A307-D679B312C951}.Release|Any CPU.Build.0 = Release|Any CPU
	EndGlobalSection
	GlobalSection(SolutionProperties) = preSolution
		HideSolutionNode = FALSE
	EndGlobalSection
	GlobalSection(ExtensibilityGlobals) = postSolution
		SolutionGuid = {D40F68F5-9B22-4A15-9CB5-C47A5ECD9DD4}
	EndGlobalSection
EndGlobal
